
Microsoft Visual Studio Solution File, Format Version 12.00
# Visual Studio 15
VisualStudioVersion = 15.0.28010.2041
MinimumVisualStudioVersion = 10.0.40219.1
Project("{FAE04EC0-301F-11D3-BF4B-00C04F79EFBC}") = "SEConnect.Web", "SEWebApp\SEConnect.Web.csproj", "{07D1C353-4626-4D20-A804-531517BCF3F5}"
EndProject
Project("{FAE04EC0-301F-11D3-BF4B-00C04F79EFBC}") = "SEService", "SEService\SEService.csproj", "{FEBD0A38-D884-403D-89C5-1FEFE80BB550}"
EndProject
Project("{2150E333-8FDC-42A3-9474-1A3956D46DE8}") = ".nuget", ".nuget", "{84AE09B1-A124-4886-B44D-B68ABF36AB67}"
	ProjectSection(SolutionItems) = preProject
		.nuget\NuGet.Config = .nuget\NuGet.Config
		.nuget\NuGet.exe = .nuget\NuGet.exe
		.nuget\NuGet.targets = .nuget\NuGet.targets
	EndProjectSection
EndProject
Project("{FAE04EC0-301F-11D3-BF4B-00C04F79EFBC}") = "SEConnect.Data", "ClassLibrary1\SEConnect.Data.csproj", "{612B8383-EFE0-4841-8487-317F5533CFCC}"
EndProject
Project("{FAE04EC0-301F-11D3-BF4B-00C04F79EFBC}") = "SEConnect.Business", "SEConnect\SEConnect.Business.csproj", "{7028B84B-1EAE-49AE-BAEA-795FDC1F8B9F}"
EndProject
Global
	GlobalSection(SolutionConfigurationPlatforms) = preSolution
		Debug|Any CPU = Debug|Any CPU
		Release|Any CPU = Release|Any CPU
	EndGlobalSection
	GlobalSection(ProjectConfigurationPlatforms) = postSolution
		{07D1C353-4626-4D20-A804-531517BCF3F5}.Debug|Any CPU.ActiveCfg = Debug|Any CPU
		{07D1C353-4626-4D20-A804-531517BCF3F5}.Debug|Any CPU.Build.0 = Debug|Any CPU
		{07D1C353-4626-4D20-A804-531517BCF3F5}.Release|Any CPU.ActiveCfg = Release|Any CPU
		{07D1C353-4626-4D20-A804-531517BCF3F5}.Release|Any CPU.Build.0 = Release|Any CPU
		{FEBD0A38-D884-403D-89C5-1FEFE80BB550}.Debug|Any CPU.ActiveCfg = Debug|Any CPU
		{FEBD0A38-D884-403D-89C5-1FEFE80BB550}.Debug|Any CPU.Build.0 = Debug|Any CPU
		{FEBD0A38-D884-403D-89C5-1FEFE80BB550}.Release|Any CPU.ActiveCfg = Release|Any CPU
		{FEBD0A38-D884-403D-89C5-1FEFE80BB550}.Release|Any CPU.Build.0 = Release|Any CPU
		{612B8383-EFE0-4841-8487-317F5533CFCC}.Debug|Any CPU.ActiveCfg = Debug|Any CPU
		{612B8383-EFE0-4841-8487-317F5533CFCC}.Debug|Any CPU.Build.0 = Debug|Any CPU
		{612B8383-EFE0-4841-8487-317F5533CFCC}.Release|Any CPU.ActiveCfg = Release|Any CPU
		{612B8383-EFE0-4841-8487-317F5533CFCC}.Release|Any CPU.Build.0 = Release|Any CPU
		{7028B84B-1EAE-49AE-BAEA-795FDC1F8B9F}.Debug|Any CPU.ActiveCfg = Debug|Any CPU
		{7028B84B-1EAE-49AE-BAEA-795FDC1F8B9F}.Debug|Any CPU.Build.0 = Debug|Any CPU
		{7028B84B-1EAE-49AE-BAEA-795FDC1F8B9F}.Release|Any CPU.ActiveCfg = Release|Any CPU
		{7028B84B-1EAE-49AE-BAEA-795FDC1F8B9F}.Release|Any CPU.Build.0 = Release|Any CPU
	EndGlobalSection
	GlobalSection(SolutionProperties) = preSolution
		HideSolutionNode = FALSE
	EndGlobalSection
	GlobalSection(ExtensibilityGlobals) = postSolution
		SolutionGuid = {11C938C3-FE9B-45ED-992B-69E8BE1F071C}
	EndGlobalSection
EndGlobal
